
Microsoft Visual Studio Solution File, Format Version 12.00
Project("{FAE04EC0-301F-11D3-BF4B-00C04F79EFBC}") = "Question16", "Question16\Question16.csproj", "{BD038318-AE74-4437-B240-A9E7A571637C}"
EndProject
Global
	GlobalSection(SolutionConfigurationPlatforms) = preSolution
		Debug|Any CPU = Debug|Any CPU
		Release|Any CPU = Release|Any CPU
	EndGlobalSection
	GlobalSection(ProjectConfigurationPlatforms) = postSolution
		{BD038318-AE74-4437-B240-A9E7A571637C}.Debug|Any CPU.ActiveCfg = Debug|Any CPU
		{BD038318-AE74-4437-B240-A9E7A571637C}.Debug|Any CPU.Build.0 = Debug|Any CPU
		{BD038318-AE74-4437-B240-A9E7A571637C}.Release|Any CPU.ActiveCfg = Release|Any CPU
		{BD038318-AE74-4437-B240-A9E7A571637C}.Release|Any CPU.Build.0 = Release|Any CPU
	EndGlobalSection
EndGlobal
