
Microsoft Visual Studio Solution File, Format Version 12.00
Project("{FAE04EC0-301F-11D3-BF4B-00C04F79EFBC}") = "Question24", "Question24\Question24.csproj", "{3FAE49A2-D79A-4750-8666-D3152E19956F}"
EndProject
Global
	GlobalSection(SolutionConfigurationPlatforms) = preSolution
		Debug|Any CPU = Debug|Any CPU
		Release|Any CPU = Release|Any CPU
	EndGlobalSection
	GlobalSection(ProjectConfigurationPlatforms) = postSolution
		{3FAE49A2-D79A-4750-8666-D3152E19956F}.Debug|Any CPU.ActiveCfg = Debug|Any CPU
		{3FAE49A2-D79A-4750-8666-D3152E19956F}.Debug|Any CPU.Build.0 = Debug|Any CPU
		{3FAE49A2-D79A-4750-8666-D3152E19956F}.Release|Any CPU.ActiveCfg = Release|Any CPU
		{3FAE49A2-D79A-4750-8666-D3152E19956F}.Release|Any CPU.Build.0 = Release|Any CPU
	EndGlobalSection
EndGlobal
