
Microsoft Visual Studio Solution File, Format Version 12.00
# Visual Studio Version 17
VisualStudioVersion = 17.14.37216.2 d17.14
MinimumVisualStudioVersion = 10.0.40219.1
Project("{FAE04EC0-301F-11D3-BF4B-00C04F79EFBC}") = "InterfaceExample4", "InterfaceExample4\InterfaceExample4.csproj", "{34AAA52B-E4D0-4E74-8CEA-466A0617F0B0}"
EndProject
Global
	GlobalSection(SolutionConfigurationPlatforms) = preSolution
		Debug|Any CPU = Debug|Any CPU
		Release|Any CPU = Release|Any CPU
	EndGlobalSection
	GlobalSection(ProjectConfigurationPlatforms) = postSolution
		{34AAA52B-E4D0-4E74-8CEA-466A0617F0B0}.Debug|Any CPU.ActiveCfg = Debug|Any CPU
		{34AAA52B-E4D0-4E74-8CEA-466A0617F0B0}.Debug|Any CPU.Build.0 = Debug|Any CPU
		{34AAA52B-E4D0-4E74-8CEA-466A0617F0B0}.Release|Any CPU.ActiveCfg = Release|Any CPU
		{34AAA52B-E4D0-4E74-8CEA-466A0617F0B0}.Release|Any CPU.Build.0 = Release|Any CPU
	EndGlobalSection
	GlobalSection(SolutionProperties) = preSolution
		HideSolutionNode = FALSE
	EndGlobalSection
	GlobalSection(ExtensibilityGlobals) = postSolution
		SolutionGuid = {859A13A1-3FAD-4023-9086-2F4302FEC5F9}
	EndGlobalSection
EndGlobal
