
Microsoft Visual Studio Solution File, Format Version 12.00
Project("{FAE04EC0-301F-11D3-BF4B-00C04F79EFBC}") = "Wizards and Warriors", "Wizards and Warriors\Wizards and Warriors.csproj", "{8EE422BE-B1BB-4C40-AB92-01E50B595215}"
EndProject
Global
	GlobalSection(SolutionConfigurationPlatforms) = preSolution
		Debug|Any CPU = Debug|Any CPU
		Release|Any CPU = Release|Any CPU
	EndGlobalSection
	GlobalSection(ProjectConfigurationPlatforms) = postSolution
		{8EE422BE-B1BB-4C40-AB92-01E50B595215}.Debug|Any CPU.ActiveCfg = Debug|Any CPU
		{8EE422BE-B1BB-4C40-AB92-01E50B595215}.Debug|Any CPU.Build.0 = Debug|Any CPU
		{8EE422BE-B1BB-4C40-AB92-01E50B595215}.Release|Any CPU.ActiveCfg = Release|Any CPU
		{8EE422BE-B1BB-4C40-AB92-01E50B595215}.Release|Any CPU.Build.0 = Release|Any CPU
	EndGlobalSection
EndGlobal
