
Microsoft Visual Studio Solution File, Format Version 12.00
# Visual Studio Version 17
VisualStudioVersion = 17.14.37216.2 d17.14
MinimumVisualStudioVersion = 10.0.40219.1
Project("{FAE04EC0-301F-11D3-BF4B-00C04F79EFBC}") = "Question31", "Question31\Question31.csproj", "{DC4AAEE3-9358-4B28-A391-7DA33CF63134}"
EndProject
Global
	GlobalSection(SolutionConfigurationPlatforms) = preSolution
		Debug|Any CPU = Debug|Any CPU
		Release|Any CPU = Release|Any CPU
	EndGlobalSection
	GlobalSection(ProjectConfigurationPlatforms) = postSolution
		{DC4AAEE3-9358-4B28-A391-7DA33CF63134}.Debug|Any CPU.ActiveCfg = Debug|Any CPU
		{DC4AAEE3-9358-4B28-A391-7DA33CF63134}.Debug|Any CPU.Build.0 = Debug|Any CPU
		{DC4AAEE3-9358-4B28-A391-7DA33CF63134}.Release|Any CPU.ActiveCfg = Release|Any CPU
		{DC4AAEE3-9358-4B28-A391-7DA33CF63134}.Release|Any CPU.Build.0 = Release|Any CPU
	EndGlobalSection
	GlobalSection(SolutionProperties) = preSolution
		HideSolutionNode = FALSE
	EndGlobalSection
	GlobalSection(ExtensibilityGlobals) = postSolution
		SolutionGuid = {72C37266-C1A8-4A95-84AA-1D8C0D1B62C1}
	EndGlobalSection
EndGlobal
