
Microsoft Visual Studio Solution File, Format Version 12.00
Project("{FAE04EC0-301F-11D3-BF4B-00C04F79EFBC}") = "Question14", "Question14\Question14.csproj", "{B855F58F-9B69-4823-9BB1-76859E9D4036}"
EndProject
Global
	GlobalSection(SolutionConfigurationPlatforms) = preSolution
		Debug|Any CPU = Debug|Any CPU
		Release|Any CPU = Release|Any CPU
	EndGlobalSection
	GlobalSection(ProjectConfigurationPlatforms) = postSolution
		{B855F58F-9B69-4823-9BB1-76859E9D4036}.Debug|Any CPU.ActiveCfg = Debug|Any CPU
		{B855F58F-9B69-4823-9BB1-76859E9D4036}.Debug|Any CPU.Build.0 = Debug|Any CPU
		{B855F58F-9B69-4823-9BB1-76859E9D4036}.Release|Any CPU.ActiveCfg = Release|Any CPU
		{B855F58F-9B69-4823-9BB1-76859E9D4036}.Release|Any CPU.Build.0 = Release|Any CPU
	EndGlobalSection
EndGlobal
