
Microsoft Visual Studio Solution File, Format Version 12.00
# Visual Studio Version 17
VisualStudioVersion = 17.14.37216.2 d17.14
MinimumVisualStudioVersion = 10.0.40219.1
Project("{FAE04EC0-301F-11D3-BF4B-00C04F79EFBC}") = "Question28", "Question28\Question28.csproj", "{21B24E45-DF4D-464F-9276-5C688610054F}"
EndProject
Global
	GlobalSection(SolutionConfigurationPlatforms) = preSolution
		Debug|Any CPU = Debug|Any CPU
		Release|Any CPU = Release|Any CPU
	EndGlobalSection
	GlobalSection(ProjectConfigurationPlatforms) = postSolution
		{21B24E45-DF4D-464F-9276-5C688610054F}.Debug|Any CPU.ActiveCfg = Debug|Any CPU
		{21B24E45-DF4D-464F-9276-5C688610054F}.Debug|Any CPU.Build.0 = Debug|Any CPU
		{21B24E45-DF4D-464F-9276-5C688610054F}.Release|Any CPU.ActiveCfg = Release|Any CPU
		{21B24E45-DF4D-464F-9276-5C688610054F}.Release|Any CPU.Build.0 = Release|Any CPU
	EndGlobalSection
	GlobalSection(SolutionProperties) = preSolution
		HideSolutionNode = FALSE
	EndGlobalSection
	GlobalSection(ExtensibilityGlobals) = postSolution
		SolutionGuid = {EF5B1E37-4547-41CD-AA7C-9CB68A74F7C8}
	EndGlobalSection
EndGlobal
