
Microsoft Visual Studio Solution File, Format Version 12.00
# Visual Studio Version 17
VisualStudioVersion = 17.14.37216.2 d17.14
MinimumVisualStudioVersion = 10.0.40219.1
Project("{FAE04EC0-301F-11D3-BF4B-00C04F79EFBC}") = "Question9", "Question9\Question9.csproj", "{A891EA3B-5F4C-4833-9E6D-56443EE8C812}"
EndProject
Global
	GlobalSection(SolutionConfigurationPlatforms) = preSolution
		Debug|Any CPU = Debug|Any CPU
		Release|Any CPU = Release|Any CPU
	EndGlobalSection
	GlobalSection(ProjectConfigurationPlatforms) = postSolution
		{A891EA3B-5F4C-4833-9E6D-56443EE8C812}.Debug|Any CPU.ActiveCfg = Debug|Any CPU
		{A891EA3B-5F4C-4833-9E6D-56443EE8C812}.Debug|Any CPU.Build.0 = Debug|Any CPU
		{A891EA3B-5F4C-4833-9E6D-56443EE8C812}.Release|Any CPU.ActiveCfg = Release|Any CPU
		{A891EA3B-5F4C-4833-9E6D-56443EE8C812}.Release|Any CPU.Build.0 = Release|Any CPU
	EndGlobalSection
	GlobalSection(SolutionProperties) = preSolution
		HideSolutionNode = FALSE
	EndGlobalSection
	GlobalSection(ExtensibilityGlobals) = postSolution
		SolutionGuid = {634E6DCE-211C-4885-AA3C-C9E68640A6B7}
	EndGlobalSection
EndGlobal
