
Microsoft Visual Studio Solution File, Format Version 12.00
# Visual Studio Version 17
VisualStudioVersion = 17.14.37216.2 d17.14
MinimumVisualStudioVersion = 10.0.40219.1
Project("{FAE04EC0-301F-11D3-BF4B-00C04F79EFBC}") = "Authentication System", "Authentication System\Authentication System.csproj", "{1AD20230-5050-4ADF-91A5-731FC7A3F62F}"
EndProject
Global
	GlobalSection(SolutionConfigurationPlatforms) = preSolution
		Debug|Any CPU = Debug|Any CPU
		Release|Any CPU = Release|Any CPU
	EndGlobalSection
	GlobalSection(ProjectConfigurationPlatforms) = postSolution
		{1AD20230-5050-4ADF-91A5-731FC7A3F62F}.Debug|Any CPU.ActiveCfg = Debug|Any CPU
		{1AD20230-5050-4ADF-91A5-731FC7A3F62F}.Debug|Any CPU.Build.0 = Debug|Any CPU
		{1AD20230-5050-4ADF-91A5-731FC7A3F62F}.Release|Any CPU.ActiveCfg = Release|Any CPU
		{1AD20230-5050-4ADF-91A5-731FC7A3F62F}.Release|Any CPU.Build.0 = Release|Any CPU
	EndGlobalSection
	GlobalSection(SolutionProperties) = preSolution
		HideSolutionNode = FALSE
	EndGlobalSection
	GlobalSection(ExtensibilityGlobals) = postSolution
		SolutionGuid = {445ECDB2-59D9-43C2-A7D5-F29CF58F2E0B}
	EndGlobalSection
EndGlobal
