
Microsoft Visual Studio Solution File, Format Version 12.00
# Visual Studio Version 17
VisualStudioVersion = 17.14.37314.3 d17.14
MinimumVisualStudioVersion = 10.0.40219.1
Project("{FAE04EC0-301F-11D3-BF4B-00C04F79EFBC}") = "Question6", "Question6\Question6.csproj", "{BF78C76A-653F-42FE-ABC8-D6D4155B64FD}"
EndProject
Global
	GlobalSection(SolutionConfigurationPlatforms) = preSolution
		Debug|Any CPU = Debug|Any CPU
		Release|Any CPU = Release|Any CPU
	EndGlobalSection
	GlobalSection(ProjectConfigurationPlatforms) = postSolution
		{BF78C76A-653F-42FE-ABC8-D6D4155B64FD}.Debug|Any CPU.ActiveCfg = Debug|Any CPU
		{BF78C76A-653F-42FE-ABC8-D6D4155B64FD}.Debug|Any CPU.Build.0 = Debug|Any CPU
		{BF78C76A-653F-42FE-ABC8-D6D4155B64FD}.Release|Any CPU.ActiveCfg = Release|Any CPU
		{BF78C76A-653F-42FE-ABC8-D6D4155B64FD}.Release|Any CPU.Build.0 = Release|Any CPU
	EndGlobalSection
	GlobalSection(SolutionProperties) = preSolution
		HideSolutionNode = FALSE
	EndGlobalSection
	GlobalSection(ExtensibilityGlobals) = postSolution
		SolutionGuid = {F5170A28-666D-456C-B67F-5F6311E6BFAD}
	EndGlobalSection
EndGlobal
