
Microsoft Visual Studio Solution File, Format Version 12.00
Project("{FAE04EC0-301F-11D3-BF4B-00C04F79EFBC}") = "Question25", "Question25\Question25.csproj", "{D6CEB8D5-3C78-44C0-ACC6-97A05E524A3E}"
EndProject
Global
	GlobalSection(SolutionConfigurationPlatforms) = preSolution
		Debug|Any CPU = Debug|Any CPU
		Release|Any CPU = Release|Any CPU
	EndGlobalSection
	GlobalSection(ProjectConfigurationPlatforms) = postSolution
		{D6CEB8D5-3C78-44C0-ACC6-97A05E524A3E}.Debug|Any CPU.ActiveCfg = Debug|Any CPU
		{D6CEB8D5-3C78-44C0-ACC6-97A05E524A3E}.Debug|Any CPU.Build.0 = Debug|Any CPU
		{D6CEB8D5-3C78-44C0-ACC6-97A05E524A3E}.Release|Any CPU.ActiveCfg = Release|Any CPU
		{D6CEB8D5-3C78-44C0-ACC6-97A05E524A3E}.Release|Any CPU.Build.0 = Release|Any CPU
	EndGlobalSection
EndGlobal
