
Microsoft Visual Studio Solution File, Format Version 12.00
# Visual Studio Version 17
VisualStudioVersion = 17.14.37216.2 d17.14
MinimumVisualStudioVersion = 10.0.40219.1
Project("{FAE04EC0-301F-11D3-BF4B-00C04F79EFBC}") = "Question3", "Question3\Question3.csproj", "{A72FF737-B2E2-4C0E-ABA5-235C90B5A5E0}"
EndProject
Global
	GlobalSection(SolutionConfigurationPlatforms) = preSolution
		Debug|Any CPU = Debug|Any CPU
		Release|Any CPU = Release|Any CPU
	EndGlobalSection
	GlobalSection(ProjectConfigurationPlatforms) = postSolution
		{A72FF737-B2E2-4C0E-ABA5-235C90B5A5E0}.Debug|Any CPU.ActiveCfg = Debug|Any CPU
		{A72FF737-B2E2-4C0E-ABA5-235C90B5A5E0}.Debug|Any CPU.Build.0 = Debug|Any CPU
		{A72FF737-B2E2-4C0E-ABA5-235C90B5A5E0}.Release|Any CPU.ActiveCfg = Release|Any CPU
		{A72FF737-B2E2-4C0E-ABA5-235C90B5A5E0}.Release|Any CPU.Build.0 = Release|Any CPU
	EndGlobalSection
	GlobalSection(SolutionProperties) = preSolution
		HideSolutionNode = FALSE
	EndGlobalSection
	GlobalSection(ExtensibilityGlobals) = postSolution
		SolutionGuid = {BCED5A5E-5F84-45FF-9136-4BC8A4D0AFC6}
	EndGlobalSection
EndGlobal
