
Microsoft Visual Studio Solution File, Format Version 12.00
# Visual Studio Version 17
VisualStudioVersion = 17.14.37216.2 d17.14
MinimumVisualStudioVersion = 10.0.40219.1
Project("{FAE04EC0-301F-11D3-BF4B-00C04F79EFBC}") = "Question30", "Question30\Question30.csproj", "{8A4608EB-7E16-4219-89A0-1B2D751B7662}"
EndProject
Global
	GlobalSection(SolutionConfigurationPlatforms) = preSolution
		Debug|Any CPU = Debug|Any CPU
		Release|Any CPU = Release|Any CPU
	EndGlobalSection
	GlobalSection(ProjectConfigurationPlatforms) = postSolution
		{8A4608EB-7E16-4219-89A0-1B2D751B7662}.Debug|Any CPU.ActiveCfg = Debug|Any CPU
		{8A4608EB-7E16-4219-89A0-1B2D751B7662}.Debug|Any CPU.Build.0 = Debug|Any CPU
		{8A4608EB-7E16-4219-89A0-1B2D751B7662}.Release|Any CPU.ActiveCfg = Release|Any CPU
		{8A4608EB-7E16-4219-89A0-1B2D751B7662}.Release|Any CPU.Build.0 = Release|Any CPU
	EndGlobalSection
	GlobalSection(SolutionProperties) = preSolution
		HideSolutionNode = FALSE
	EndGlobalSection
	GlobalSection(ExtensibilityGlobals) = postSolution
		SolutionGuid = {3192D444-71DC-4C03-B383-FD2AA37D2A49}
	EndGlobalSection
EndGlobal
