
Microsoft Visual Studio Solution File, Format Version 12.00
# Visual Studio Version 17
VisualStudioVersion = 17.14.37216.2 d17.14
MinimumVisualStudioVersion = 10.0.40219.1
Project("{FAE04EC0-301F-11D3-BF4B-00C04F79EFBC}") = "EventSample13", "EventSample13\EventSample13.csproj", "{FAFB349F-6F6F-454B-8656-3516617A6F9B}"
EndProject
Global
	GlobalSection(SolutionConfigurationPlatforms) = preSolution
		Debug|Any CPU = Debug|Any CPU
		Release|Any CPU = Release|Any CPU
	EndGlobalSection
	GlobalSection(ProjectConfigurationPlatforms) = postSolution
		{FAFB349F-6F6F-454B-8656-3516617A6F9B}.Debug|Any CPU.ActiveCfg = Debug|Any CPU
		{FAFB349F-6F6F-454B-8656-3516617A6F9B}.Debug|Any CPU.Build.0 = Debug|Any CPU
		{FAFB349F-6F6F-454B-8656-3516617A6F9B}.Release|Any CPU.ActiveCfg = Release|Any CPU
		{FAFB349F-6F6F-454B-8656-3516617A6F9B}.Release|Any CPU.Build.0 = Release|Any CPU
	EndGlobalSection
	GlobalSection(SolutionProperties) = preSolution
		HideSolutionNode = FALSE
	EndGlobalSection
	GlobalSection(ExtensibilityGlobals) = postSolution
		SolutionGuid = {2AF6893E-A835-49BD-BB6E-DE507A3F96F9}
	EndGlobalSection
EndGlobal
