
Microsoft Visual Studio Solution File, Format Version 12.00
# Visual Studio Version 17
VisualStudioVersion = 17.14.37216.2 d17.14
MinimumVisualStudioVersion = 10.0.40219.1
Project("{FAE04EC0-301F-11D3-BF4B-00C04F79EFBC}") = "EventSample12", "EventSample12\EventSample12.csproj", "{2B227BC2-61EE-4CAD-AE4B-4CBFF3635BC0}"
EndProject
Global
	GlobalSection(SolutionConfigurationPlatforms) = preSolution
		Debug|Any CPU = Debug|Any CPU
		Release|Any CPU = Release|Any CPU
	EndGlobalSection
	GlobalSection(ProjectConfigurationPlatforms) = postSolution
		{2B227BC2-61EE-4CAD-AE4B-4CBFF3635BC0}.Debug|Any CPU.ActiveCfg = Debug|Any CPU
		{2B227BC2-61EE-4CAD-AE4B-4CBFF3635BC0}.Debug|Any CPU.Build.0 = Debug|Any CPU
		{2B227BC2-61EE-4CAD-AE4B-4CBFF3635BC0}.Release|Any CPU.ActiveCfg = Release|Any CPU
		{2B227BC2-61EE-4CAD-AE4B-4CBFF3635BC0}.Release|Any CPU.Build.0 = Release|Any CPU
	EndGlobalSection
	GlobalSection(SolutionProperties) = preSolution
		HideSolutionNode = FALSE
	EndGlobalSection
	GlobalSection(ExtensibilityGlobals) = postSolution
		SolutionGuid = {8FD27E36-0095-4063-AC33-DD55CDC3B893}
	EndGlobalSection
EndGlobal
