
Microsoft Visual Studio Solution File, Format Version 12.00
# Visual Studio Version 17
VisualStudioVersion = 17.14.37314.3 d17.14
MinimumVisualStudioVersion = 10.0.40219.1
Project("{FAE04EC0-301F-11D3-BF4B-00C04F79EFBC}") = "International Calling Connoisseur", "International Calling Connoisseur\International Calling Connoisseur.csproj", "{E6DB2664-2E11-4CDB-82CF-5AA90A945F00}"
EndProject
Global
	GlobalSection(SolutionConfigurationPlatforms) = preSolution
		Debug|Any CPU = Debug|Any CPU
		Release|Any CPU = Release|Any CPU
	EndGlobalSection
	GlobalSection(ProjectConfigurationPlatforms) = postSolution
		{E6DB2664-2E11-4CDB-82CF-5AA90A945F00}.Debug|Any CPU.ActiveCfg = Debug|Any CPU
		{E6DB2664-2E11-4CDB-82CF-5AA90A945F00}.Debug|Any CPU.Build.0 = Debug|Any CPU
		{E6DB2664-2E11-4CDB-82CF-5AA90A945F00}.Release|Any CPU.ActiveCfg = Release|Any CPU
		{E6DB2664-2E11-4CDB-82CF-5AA90A945F00}.Release|Any CPU.Build.0 = Release|Any CPU
	EndGlobalSection
	GlobalSection(SolutionProperties) = preSolution
		HideSolutionNode = FALSE
	EndGlobalSection
	GlobalSection(ExtensibilityGlobals) = postSolution
		SolutionGuid = {A1F9E5E1-7F68-4CC2-87D7-5A96EB1E115F}
	EndGlobalSection
EndGlobal
