
Microsoft Visual Studio Solution File, Format Version 12.00
# Visual Studio Version 17
VisualStudioVersion = 17.14.37314.3 d17.14
MinimumVisualStudioVersion = 10.0.40219.1
Project("{FAE04EC0-301F-11D3-BF4B-00C04F79EFBC}") = "Jedlik's Toys", "Jedlik's Toys\Jedlik's Toys.csproj", "{DD928981-D34B-47DC-9E9C-60B0C7746D5A}"
EndProject
Global
	GlobalSection(SolutionConfigurationPlatforms) = preSolution
		Debug|Any CPU = Debug|Any CPU
		Release|Any CPU = Release|Any CPU
	EndGlobalSection
	GlobalSection(ProjectConfigurationPlatforms) = postSolution
		{DD928981-D34B-47DC-9E9C-60B0C7746D5A}.Debug|Any CPU.ActiveCfg = Debug|Any CPU
		{DD928981-D34B-47DC-9E9C-60B0C7746D5A}.Debug|Any CPU.Build.0 = Debug|Any CPU
		{DD928981-D34B-47DC-9E9C-60B0C7746D5A}.Release|Any CPU.ActiveCfg = Release|Any CPU
		{DD928981-D34B-47DC-9E9C-60B0C7746D5A}.Release|Any CPU.Build.0 = Release|Any CPU
	EndGlobalSection
	GlobalSection(SolutionProperties) = preSolution
		HideSolutionNode = FALSE
	EndGlobalSection
	GlobalSection(ExtensibilityGlobals) = postSolution
		SolutionGuid = {D5B166B5-3FA5-42FD-902F-EAF8BA4FF880}
	EndGlobalSection
EndGlobal
